
Microsoft Visual Studio Solution File, Format Version 12.00
# Visual Studio Version 17
VisualStudioVersion = 17.0.32014.148
MinimumVisualStudioVersion = 10.0.40219.1
Project("{FAE04EC0-301F-11D3-BF4B-00C04F79EFBC}") = "Logical_Programs", "Logical_Programs\Logical_Programs.csproj", "{5C8B18E3-B6E7-473B-8C6B-3BD1B20A6DA1}"
EndProject
Global
	GlobalSection(SolutionConfigurationPlatforms) = preSolution
		Debug|Any CPU = Debug|Any CPU
		Release|Any CPU = Release|Any CPU
	EndGlobalSection
	GlobalSection(ProjectConfigurationPlatforms) = postSolution
		{5C8B18E3-B6E7-473B-8C6B-3BD1B20A6DA1}.Debug|Any CPU.ActiveCfg = Debug|Any CPU
		{5C8B18E3-B6E7-473B-8C6B-3BD1B20A6DA1}.Debug|Any CPU.Build.0 = Debug|Any CPU
		{5C8B18E3-B6E7-473B-8C6B-3BD1B20A6DA1}.Release|Any CPU.ActiveCfg = Release|Any CPU
		{5C8B18E3-B6E7-473B-8C6B-3BD1B20A6DA1}.Release|Any CPU.Build.0 = Release|Any CPU
	EndGlobalSection
	GlobalSection(SolutionProperties) = preSolution
		HideSolutionNode = FALSE
	EndGlobalSection
	GlobalSection(ExtensibilityGlobals) = postSolution
		SolutionGuid = {876A15B5-5159-4231-862B-0F5089F81756}
	EndGlobalSection
EndGlobal
